// !$*UTF8*$!
{
	archiveVersion = 1;
	classes = {
	};
	objectVersion = 56;
	objects = {

/* Begin PBXBuildFile section */
		46E29ABB0DA13BFA43BAF4DB /* Pods_login.framework in Frameworks */ = {isa = PBXBuildFile; fileRef = 65C17AC0CD3ADF4892BFC817 /* Pods_login.framework */; };
		B5517FDB2B32DAAE005C6BA2 /* crowdSourcingReportViewController.swift in Sources */ = {isa = PBXBuildFile; fileRef = B5517FDA2B32DAAE005C6BA2 /* crowdSourcingReportViewController.swift */; };
		B5517FDD2B32DB4C005C6BA2 /* crowdSourcingReportinformation.swift in Sources */ = {isa = PBXBuildFile; fileRef = B5517FDC2B32DB4C005C6BA2 /* crowdSourcingReportinformation.swift */; };
		B55737D22B1F2FA800EC1087 /* BannerMessages.swift in Sources */ = {isa = PBXBuildFile; fileRef = B55737D12B1F2FA800EC1087 /* BannerMessages.swift */; };
		B55DE4442B1A343700627077 /* AppDelegate.swift in Sources */ = {isa = PBXBuildFile; fileRef = B55DE4432B1A343700627077 /* AppDelegate.swift */; };
		B55DE4462B1A343700627077 /* SceneDelegate.swift in Sources */ = {isa = PBXBuildFile; fileRef = B55DE4452B1A343700627077 /* SceneDelegate.swift */; };
		B55DE4482B1A343700627077 /* ViewController.swift in Sources */ = {isa = PBXBuildFile; fileRef = B55DE4472B1A343700627077 /* ViewController.swift */; };
		B55DE44B2B1A343700627077 /* Main.storyboard in Resources */ = {isa = PBXBuildFile; fileRef = B55DE4492B1A343700627077 /* Main.storyboard */; };
		B55DE44D2B1A343900627077 /* Assets.xcassets in Resources */ = {isa = PBXBuildFile; fileRef = B55DE44C2B1A343900627077 /* Assets.xcassets */; };
		B55DE4502B1A343900627077 /* LaunchScreen.storyboard in Resources */ = {isa = PBXBuildFile; fileRef = B55DE44E2B1A343900627077 /* LaunchScreen.storyboard */; };
		B55DE45B2B1A343900627077 /* loginTests.swift in Sources */ = {isa = PBXBuildFile; fileRef = B55DE45A2B1A343900627077 /* loginTests.swift */; };
		B55DE4652B1A343900627077 /* loginUITests.swift in Sources */ = {isa = PBXBuildFile; fileRef = B55DE4642B1A343900627077 /* loginUITests.swift */; };
		B55DE4672B1A343900627077 /* loginUITestsLaunchTests.swift in Sources */ = {isa = PBXBuildFile; fileRef = B55DE4662B1A343900627077 /* loginUITestsLaunchTests.swift */; };
		B55DE47B2B1A35F600627077 /* UserAutentication.swift in Sources */ = {isa = PBXBuildFile; fileRef = B55DE47A2B1A35F600627077 /* UserAutentication.swift */; };
		B55DE47D2B1A360700627077 /* UserInformation.swift in Sources */ = {isa = PBXBuildFile; fileRef = B55DE47C2B1A360700627077 /* UserInformation.swift */; };
		B55DE47F2B1A361700627077 /* UserModel.swift in Sources */ = {isa = PBXBuildFile; fileRef = B55DE47E2B1A361700627077 /* UserModel.swift */; };
		B55DE4812B1A363400627077 /* UserDefaults.swift in Sources */ = {isa = PBXBuildFile; fileRef = B55DE4802B1A363400627077 /* UserDefaults.swift */; };
		B55DE4832B1A364D00627077 /* APICaller.swift in Sources */ = {isa = PBXBuildFile; fileRef = B55DE4822B1A364D00627077 /* APICaller.swift */; };
		B55DE4852B1A366400627077 /* NetworkConstant.swift in Sources */ = {isa = PBXBuildFile; fileRef = B55DE4842B1A366400627077 /* NetworkConstant.swift */; };
		B55DE4872B1A368000627077 /* MainViewModel.swift in Sources */ = {isa = PBXBuildFile; fileRef = B55DE4862B1A368000627077 /* MainViewModel.swift */; };
		B577D8932B24421C007242B5 /* ErrorHandeling.swift in Sources */ = {isa = PBXBuildFile; fileRef = B577D8922B24421C007242B5 /* ErrorHandeling.swift */; };
		B577D8952B244D77007242B5 /* ETRViewController.swift in Sources */ = {isa = PBXBuildFile; fileRef = B577D8942B244D77007242B5 /* ETRViewController.swift */; };
		B577D8972B246126007242B5 /* ETRInformation.swift in Sources */ = {isa = PBXBuildFile; fileRef = B577D8962B246126007242B5 /* ETRInformation.swift */; };
		B5E1F17C2B1C9DD7002F85D7 /* CodeVerificationViewController.swift in Sources */ = {isa = PBXBuildFile; fileRef = B5E1F17B2B1C9DD7002F85D7 /* CodeVerificationViewController.swift */; };
/* End PBXBuildFile section */

/* Begin PBXContainerItemProxy section */
		B55DE4572B1A343900627077 /* PBXContainerItemProxy */ = {
			isa = PBXContainerItemProxy;
			containerPortal = B55DE4382B1A343700627077 /* Project object */;
			proxyType = 1;
			remoteGlobalIDString = B55DE43F2B1A343700627077;
			remoteInfo = login;
		};
		B55DE4612B1A343900627077 /* PBXContainerItemProxy */ = {
			isa = PBXContainerItemProxy;
			containerPortal = B55DE4382B1A343700627077 /* Project object */;
			proxyType = 1;
			remoteGlobalIDString = B55DE43F2B1A343700627077;
			remoteInfo = login;
		};
/* End PBXContainerItemProxy section */

/* Begin PBXFileReference section */
		65C17AC0CD3ADF4892BFC817 /* Pods_login.framework */ = {isa = PBXFileReference; explicitFileType = wrapper.framework; includeInIndex = 0; path = Pods_login.framework; sourceTree = BUILT_PRODUCTS_DIR; };
		A3770653FC1F1E8B0D6D0CE7 /* Pods-login.release.xcconfig */ = {isa = PBXFileReference; includeInIndex = 1; lastKnownFileType = text.xcconfig; name = "Pods-login.release.xcconfig"; path = "Target Support Files/Pods-login/Pods-login.release.xcconfig"; sourceTree = "<group>"; };
		B5517FDA2B32DAAE005C6BA2 /* crowdSourcingReportViewController.swift */ = {isa = PBXFileReference; lastKnownFileType = sourcecode.swift; path = crowdSourcingReportViewController.swift; sourceTree = "<group>"; };
		B5517FDC2B32DB4C005C6BA2 /* crowdSourcingReportinformation.swift */ = {isa = PBXFileReference; lastKnownFileType = sourcecode.swift; path = crowdSourcingReportinformation.swift; sourceTree = "<group>"; };
		B55737CE2B1F297300EC1087 /* login.app */ = {isa = PBXFileReference; explicitFileType = wrapper.application; includeInIndex = 0; path = login.app; sourceTree = BUILT_PRODUCTS_DIR; };
		B55737CF2B1F297300EC1087 /* loginTests.xctest */ = {isa = PBXFileReference; explicitFileType = wrapper.cfbundle; includeInIndex = 0; path = loginTests.xctest; sourceTree = BUILT_PRODUCTS_DIR; };
		B55737D02B1F297300EC1087 /* loginUITests.xctest */ = {isa = PBXFileReference; explicitFileType = wrapper.cfbundle; includeInIndex = 0; path = loginUITests.xctest; sourceTree = BUILT_PRODUCTS_DIR; };
		B55737D12B1F2FA800EC1087 /* BannerMessages.swift */ = {isa = PBXFileReference; lastKnownFileType = sourcecode.swift; path = BannerMessages.swift; sourceTree = "<group>"; };
		B55DE4432B1A343700627077 /* AppDelegate.swift */ = {isa = PBXFileReference; lastKnownFileType = sourcecode.swift; path = AppDelegate.swift; sourceTree = "<group>"; };
		B55DE4452B1A343700627077 /* SceneDelegate.swift */ = {isa = PBXFileReference; lastKnownFileType = sourcecode.swift; path = SceneDelegate.swift; sourceTree = "<group>"; };
		B55DE4472B1A343700627077 /* ViewController.swift */ = {isa = PBXFileReference; lastKnownFileType = sourcecode.swift; path = ViewController.swift; sourceTree = "<group>"; };
		B55DE44A2B1A343700627077 /* Base */ = {isa = PBXFileReference; lastKnownFileType = file.storyboard; name = Base; path = Base.lproj/Main.storyboard; sourceTree = "<group>"; };
		B55DE44C2B1A343900627077 /* Assets.xcassets */ = {isa = PBXFileReference; lastKnownFileType = folder.assetcatalog; path = Assets.xcassets; sourceTree = "<group>"; };
		B55DE44F2B1A343900627077 /* Base */ = {isa = PBXFileReference; lastKnownFileType = file.storyboard; name = Base; path = Base.lproj/LaunchScreen.storyboard; sourceTree = "<group>"; };
		B55DE4512B1A343900627077 /* Info.plist */ = {isa = PBXFileReference; lastKnownFileType = text.plist.xml; path = Info.plist; sourceTree = "<group>"; };
		B55DE45A2B1A343900627077 /* loginTests.swift */ = {isa = PBXFileReference; lastKnownFileType = sourcecode.swift; path = loginTests.swift; sourceTree = "<group>"; };
		B55DE4642B1A343900627077 /* loginUITests.swift */ = {isa = PBXFileReference; lastKnownFileType = sourcecode.swift; path = loginUITests.swift; sourceTree = "<group>"; };
		B55DE4662B1A343900627077 /* loginUITestsLaunchTests.swift */ = {isa = PBXFileReference; lastKnownFileType = sourcecode.swift; path = loginUITestsLaunchTests.swift; sourceTree = "<group>"; };
		B55DE47A2B1A35F600627077 /* UserAutentication.swift */ = {isa = PBXFileReference; lastKnownFileType = sourcecode.swift; path = UserAutentication.swift; sourceTree = "<group>"; };
		B55DE47C2B1A360700627077 /* UserInformation.swift */ = {isa = PBXFileReference; lastKnownFileType = sourcecode.swift; path = UserInformation.swift; sourceTree = "<group>"; };
		B55DE47E2B1A361700627077 /* UserModel.swift */ = {isa = PBXFileReference; lastKnownFileType = sourcecode.swift; path = UserModel.swift; sourceTree = "<group>"; };
		B55DE4802B1A363400627077 /* UserDefaults.swift */ = {isa = PBXFileReference; lastKnownFileType = sourcecode.swift; path = UserDefaults.swift; sourceTree = "<group>"; };
		B55DE4822B1A364D00627077 /* APICaller.swift */ = {isa = PBXFileReference; lastKnownFileType = sourcecode.swift; path = APICaller.swift; sourceTree = "<group>"; };
		B55DE4842B1A366400627077 /* NetworkConstant.swift */ = {isa = PBXFileReference; lastKnownFileType = sourcecode.swift; path = NetworkConstant.swift; sourceTree = "<group>"; };
		B55DE4862B1A368000627077 /* MainViewModel.swift */ = {isa = PBXFileReference; lastKnownFileType = sourcecode.swift; path = MainViewModel.swift; sourceTree = "<group>"; };
		B577D8922B24421C007242B5 /* ErrorHandeling.swift */ = {isa = PBXFileReference; fileEncoding = 4; lastKnownFileType = sourcecode.swift; path = ErrorHandeling.swift; sourceTree = "<group>"; };
		B577D8942B244D77007242B5 /* ETRViewController.swift */ = {isa = PBXFileReference; lastKnownFileType = sourcecode.swift; path = ETRViewController.swift; sourceTree = "<group>"; };
		B577D8962B246126007242B5 /* ETRInformation.swift */ = {isa = PBXFileReference; lastKnownFileType = sourcecode.swift; path = ETRInformation.swift; sourceTree = "<group>"; };
		B5E1F17B2B1C9DD7002F85D7 /* CodeVerificationViewController.swift */ = {isa = PBXFileReference; lastKnownFileType = sourcecode.swift; path = CodeVerificationViewController.swift; sourceTree = "<group>"; };
		FE38A5AAC914F031F0B195C1 /* Pods-login.debug.xcconfig */ = {isa = PBXFileReference; includeInIndex = 1; lastKnownFileType = text.xcconfig; name = "Pods-login.debug.xcconfig"; path = "Target Support Files/Pods-login/Pods-login.debug.xcconfig"; sourceTree = "<group>"; };
/* End PBXFileReference section */

/* Begin PBXFrameworksBuildPhase section */
		B55DE43D2B1A343700627077 /* Frameworks */ = {
			isa = PBXFrameworksBuildPhase;
			buildActionMask = 2147483647;
			files = (
				46E29ABB0DA13BFA43BAF4DB /* Pods_login.framework in Frameworks */,
			);
			runOnlyForDeploymentPostprocessing = 0;
		};
		B55DE4532B1A343900627077 /* Frameworks */ = {
			isa = PBXFrameworksBuildPhase;
			buildActionMask = 2147483647;
			files = (
			);
			runOnlyForDeploymentPostprocessing = 0;
		};
		B55DE45D2B1A343900627077 /* Frameworks */ = {
			isa = PBXFrameworksBuildPhase;
			buildActionMask = 2147483647;
			files = (
			);
			runOnlyForDeploymentPostprocessing = 0;
		};
/* End PBXFrameworksBuildPhase section */

/* Begin PBXGroup section */
		0705FB66C5DB9DFBDA2C10BF /* Frameworks */ = {
			isa = PBXGroup;
			children = (
				65C17AC0CD3ADF4892BFC817 /* Pods_login.framework */,
			);
			name = Frameworks;
			sourceTree = "<group>";
		};
		A56BBAC745FC0DAD82692A0B /* Pods */ = {
			isa = PBXGroup;
			children = (
				FE38A5AAC914F031F0B195C1 /* Pods-login.debug.xcconfig */,
				A3770653FC1F1E8B0D6D0CE7 /* Pods-login.release.xcconfig */,
			);
			path = Pods;
			sourceTree = "<group>";
		};
		B55DE4372B1A343700627077 = {
			isa = PBXGroup;
			children = (
				B55DE4422B1A343700627077 /* login */,
				B55DE4592B1A343900627077 /* loginTests */,
				B55DE4632B1A343900627077 /* loginUITests */,
				A56BBAC745FC0DAD82692A0B /* Pods */,
				0705FB66C5DB9DFBDA2C10BF /* Frameworks */,
				B55737CE2B1F297300EC1087 /* login.app */,
				B55737CF2B1F297300EC1087 /* loginTests.xctest */,
				B55737D02B1F297300EC1087 /* loginUITests.xctest */,
			);
			sourceTree = "<group>";
		};
		B55DE4422B1A343700627077 /* login */ = {
			isa = PBXGroup;
			children = (
				B55DE4732B1A346900627077 /* View */,
				B55DE4792B1A34E000627077 /* ViewModel */,
				B55DE4752B1A348D00627077 /* Model */,
				B55DE4782B1A34D200627077 /* Network */,
				B55DE4772B1A34B500627077 /* UserDefaults */,
				B55DE4762B1A349800627077 /* resource */,
				B55DE4512B1A343900627077 /* Info.plist */,
			);
			path = login;
			sourceTree = "<group>";
		};
		B55DE4592B1A343900627077 /* loginTests */ = {
			isa = PBXGroup;
			children = (
				B55DE45A2B1A343900627077 /* loginTests.swift */,
			);
			path = loginTests;
			sourceTree = "<group>";
		};
		B55DE4632B1A343900627077 /* loginUITests */ = {
			isa = PBXGroup;
			children = (
				B55DE4642B1A343900627077 /* loginUITests.swift */,
				B55DE4662B1A343900627077 /* loginUITestsLaunchTests.swift */,
			);
			path = loginUITests;
			sourceTree = "<group>";
		};
		B55DE4732B1A346900627077 /* View */ = {
			isa = PBXGroup;
			children = (
				B55DE4472B1A343700627077 /* ViewController.swift */,
				B5E1F17B2B1C9DD7002F85D7 /* CodeVerificationViewController.swift */,
				B577D8942B244D77007242B5 /* ETRViewController.swift */,
				B5517FDA2B32DAAE005C6BA2 /* crowdSourcingReportViewController.swift */,
				B55DE4492B1A343700627077 /* Main.storyboard */,
				B55DE44E2B1A343900627077 /* LaunchScreen.storyboard */,
			);
			path = View;
			sourceTree = "<group>";
		};
		B55DE4752B1A348D00627077 /* Model */ = {
			isa = PBXGroup;
			children = (
				B55DE47C2B1A360700627077 /* UserInformation.swift */,
				B5517FDC2B32DB4C005C6BA2 /* crowdSourcingReportinformation.swift */,
				B577D8962B246126007242B5 /* ETRInformation.swift */,
				B55DE47A2B1A35F600627077 /* UserAutentication.swift */,
				B55DE47E2B1A361700627077 /* UserModel.swift */,
				B577D8922B24421C007242B5 /* ErrorHandeling.swift */,
				B55737D12B1F2FA800EC1087 /* BannerMessages.swift */,
			);
			path = Model;
			sourceTree = "<group>";
		};
		B55DE4762B1A349800627077 /* resource */ = {
			isa = PBXGroup;
			children = (
				B55DE4452B1A343700627077 /* SceneDelegate.swift */,
				B55DE4432B1A343700627077 /* AppDelegate.swift */,
				B55DE44C2B1A343900627077 /* Assets.xcassets */,
			);
			path = resource;
			sourceTree = "<group>";
		};
		B55DE4772B1A34B500627077 /* UserDefaults */ = {
			isa = PBXGroup;
			children = (
				B55DE4802B1A363400627077 /* UserDefaults.swift */,
			);
			path = UserDefaults;
			sourceTree = "<group>";
		};
		B55DE4782B1A34D200627077 /* Network */ = {
			isa = PBXGroup;
			children = (
				B55DE4822B1A364D00627077 /* APICaller.swift */,
				B55DE4842B1A366400627077 /* NetworkConstant.swift */,
			);
			path = Network;
			sourceTree = "<group>";
		};
		B55DE4792B1A34E000627077 /* ViewModel */ = {
			isa = PBXGroup;
			children = (
				B55DE4862B1A368000627077 /* MainViewModel.swift */,
			);
			path = ViewModel;
			sourceTree = "<group>";
		};
/* End PBXGroup section */

/* Begin PBXNativeTarget section */
		B55DE43F2B1A343700627077 /* login */ = {
			isa = PBXNativeTarget;
			buildConfigurationList = B55DE46A2B1A343900627077 /* Build configuration list for PBXNativeTarget "login" */;
			buildPhases = (
				84EC26122480B2728954D647 /* [CP] Check Pods Manifest.lock */,
				B55DE43C2B1A343700627077 /* Sources */,
				B55DE43D2B1A343700627077 /* Frameworks */,
				B55DE43E2B1A343700627077 /* Resources */,
				E1C3CEC1AD6C64489E78104A /* [CP] Embed Pods Frameworks */,
			);
			buildRules = (
			);
			dependencies = (
			);
			name = login;
			productName = login;
			productReference = B55737CE2B1F297300EC1087 /* login.app */;
			productType = "com.apple.product-type.application";
		};
		B55DE4552B1A343900627077 /* loginTests */ = {
			isa = PBXNativeTarget;
			buildConfigurationList = B55DE46D2B1A343900627077 /* Build configuration list for PBXNativeTarget "loginTests" */;
			buildPhases = (
				B55DE4522B1A343900627077 /* Sources */,
				B55DE4532B1A343900627077 /* Frameworks */,
				B55DE4542B1A343900627077 /* Resources */,
			);
			buildRules = (
			);
			dependencies = (
				B55DE4582B1A343900627077 /* PBXTargetDependency */,
			);
			name = loginTests;
			productName = loginTests;
			productReference = B55737CF2B1F297300EC1087 /* loginTests.xctest */;
			productType = "com.apple.product-type.bundle.unit-test";
		};
		B55DE45F2B1A343900627077 /* loginUITests */ = {
			isa = PBXNativeTarget;
			buildConfigurationList = B55DE4702B1A343900627077 /* Build configuration list for PBXNativeTarget "loginUITests" */;
			buildPhases = (
				B55DE45C2B1A343900627077 /* Sources */,
				B55DE45D2B1A343900627077 /* Frameworks */,
				B55DE45E2B1A343900627077 /* Resources */,
			);
			buildRules = (
			);
			dependencies = (
				B55DE4622B1A343900627077 /* PBXTargetDependency */,
			);
			name = loginUITests;
			productName = loginUITests;
			productReference = B55737D02B1F297300EC1087 /* loginUITests.xctest */;
			productType = "com.apple.product-type.bundle.ui-testing";
		};
/* End PBXNativeTarget section */

/* Begin PBXProject section */
		B55DE4382B1A343700627077 /* Project object */ = {
			isa = PBXProject;
			attributes = {
				BuildIndependentTargetsInParallel = 1;
				LastSwiftUpdateCheck = 1500;
				LastUpgradeCheck = 1500;
				TargetAttributes = {
					B55DE43F2B1A343700627077 = {
						CreatedOnToolsVersion = 15.0.1;
					};
					B55DE4552B1A343900627077 = {
						CreatedOnToolsVersion = 15.0.1;
						TestTargetID = B55DE43F2B1A343700627077;
					};
					B55DE45F2B1A343900627077 = {
						CreatedOnToolsVersion = 15.0.1;
						TestTargetID = B55DE43F2B1A343700627077;
					};
				};
			};
			buildConfigurationList = B55DE43B2B1A343700627077 /* Build configuration list for PBXProject "login" */;
			compatibilityVersion = "Xcode 14.0";
			developmentRegion = en;
			hasScannedForEncodings = 0;
			knownRegions = (
				en,
				Base,
			);
			mainGroup = B55DE4372B1A343700627077;
			productRefGroup = B55DE4372B1A343700627077;
			projectDirPath = "";
			projectRoot = "";
			targets = (
				B55DE43F2B1A343700627077 /* login */,
				B55DE4552B1A343900627077 /* loginTests */,
				B55DE45F2B1A343900627077 /* loginUITests */,
			);
		};
/* End PBXProject section */

/* Begin PBXResourcesBuildPhase section */
		B55DE43E2B1A343700627077 /* Resources */ = {
			isa = PBXResourcesBuildPhase;
			buildActionMask = 2147483647;
			files = (
				B55DE4502B1A343900627077 /* LaunchScreen.storyboard in Resources */,
				B55DE44D2B1A343900627077 /* Assets.xcassets in Resources */,
				B55DE44B2B1A343700627077 /* Main.storyboard in Resources */,
			);
			runOnlyForDeploymentPostprocessing = 0;
		};
		B55DE4542B1A343900627077 /* Resources */ = {
			isa = PBXResourcesBuildPhase;
			buildActionMask = 2147483647;
			files = (
			);
			runOnlyForDeploymentPostprocessing = 0;
		};
		B55DE45E2B1A343900627077 /* Resources */ = {
			isa = PBXResourcesBuildPhase;
			buildActionMask = 2147483647;
			files = (
			);
			runOnlyForDeploymentPostprocessing = 0;
		};
/* End PBXResourcesBuildPhase section */

/* Begin PBXShellScriptBuildPhase section */
		84EC26122480B2728954D647 /* [CP] Check Pods Manifest.lock */ = {
			isa = PBXShellScriptBuildPhase;
			buildActionMask = 2147483647;
			files = (
			);
			inputFileListPaths = (
			);
			inputPaths = (
				"${PODS_PODFILE_DIR_PATH}/Podfile.lock",
				"${PODS_ROOT}/Manifest.lock",
			);
			name = "[CP] Check Pods Manifest.lock";
			outputFileListPaths = (
			);
			outputPaths = (
				"$(DERIVED_FILE_DIR)/Pods-login-checkManifestLockResult.txt",
			);
			runOnlyForDeploymentPostprocessing = 0;
			shellPath = /bin/sh;
			shellScript = "diff \"${PODS_PODFILE_DIR_PATH}/Podfile.lock\" \"${PODS_ROOT}/Manifest.lock\" > /dev/null\nif [ $? != 0 ] ; then\n    # print error to STDERR\n    echo \"error: The sandbox is not in sync with the Podfile.lock. Run 'pod install' or update your CocoaPods installation.\" >&2\n    exit 1\nfi\n# This output is used by Xcode 'outputs' to avoid re-running this script phase.\necho \"SUCCESS\" > \"${SCRIPT_OUTPUT_FILE_0}\"\n";
			showEnvVarsInLog = 0;
		};
		E1C3CEC1AD6C64489E78104A /* [CP] Embed Pods Frameworks */ = {
			isa = PBXShellScriptBuildPhase;
			buildActionMask = 2147483647;
			files = (
			);
			inputFileListPaths = (
				"${PODS_ROOT}/Target Support Files/Pods-login/Pods-login-frameworks-${CONFIGURATION}-input-files.xcfilelist",
			);
			name = "[CP] Embed Pods Frameworks";
			outputFileListPaths = (
				"${PODS_ROOT}/Target Support Files/Pods-login/Pods-login-frameworks-${CONFIGURATION}-output-files.xcfilelist",
			);
			runOnlyForDeploymentPostprocessing = 0;
			shellPath = /bin/sh;
			shellScript = "\"${PODS_ROOT}/Target Support Files/Pods-login/Pods-login-frameworks.sh\"\n";
			showEnvVarsInLog = 0;
		};
/* End PBXShellScriptBuildPhase section */

/* Begin PBXSourcesBuildPhase section */
		B55DE43C2B1A343700627077 /* Sources */ = {
			isa = PBXSourcesBuildPhase;
			buildActionMask = 2147483647;
			files = (
				B577D8952B244D77007242B5 /* ETRViewController.swift in Sources */,
				B55DE47D2B1A360700627077 /* UserInformation.swift in Sources */,
				B5E1F17C2B1C9DD7002F85D7 /* CodeVerificationViewController.swift in Sources */,
				B55DE4482B1A343700627077 /* ViewController.swift in Sources */,
				B55DE47B2B1A35F600627077 /* UserAutentication.swift in Sources */,
				B55DE4442B1A343700627077 /* AppDelegate.swift in Sources */,
				B577D8932B24421C007242B5 /* ErrorHandeling.swift in Sources */,
				B55737D22B1F2FA800EC1087 /* BannerMessages.swift in Sources */,
				B55DE47F2B1A361700627077 /* UserModel.swift in Sources */,
				B5517FDB2B32DAAE005C6BA2 /* crowdSourcingReportViewController.swift in Sources */,
				B55DE4872B1A368000627077 /* MainViewModel.swift in Sources */,
				B55DE4812B1A363400627077 /* UserDefaults.swift in Sources */,
				B55DE4462B1A343700627077 /* SceneDelegate.swift in Sources */,
				B55DE4852B1A366400627077 /* NetworkConstant.swift in Sources */,
				B5517FDD2B32DB4C005C6BA2 /* crowdSourcingReportinformation.swift in Sources */,
				B577D8972B246126007242B5 /* ETRInformation.swift in Sources */,
				B55DE4832B1A364D00627077 /* APICaller.swift in Sources */,
			);
			runOnlyForDeploymentPostprocessing = 0;
		};
		B55DE4522B1A343900627077 /* Sources */ = {
			isa = PBXSourcesBuildPhase;
			buildActionMask = 2147483647;
			files = (
				B55DE45B2B1A343900627077 /* loginTests.swift in Sources */,
			);
			runOnlyForDeploymentPostprocessing = 0;
		};
		B55DE45C2B1A343900627077 /* Sources */ = {
			isa = PBXSourcesBuildPhase;
			buildActionMask = 2147483647;
			files = (
				B55DE4672B1A343900627077 /* loginUITestsLaunchTests.swift in Sources */,
				B55DE4652B1A343900627077 /* loginUITests.swift in Sources */,
			);
			runOnlyForDeploymentPostprocessing = 0;
		};
/* End PBXSourcesBuildPhase section */

/* Begin PBXTargetDependency section */
		B55DE4582B1A343900627077 /* PBXTargetDependency */ = {
			isa = PBXTargetDependency;
			target = B55DE43F2B1A343700627077 /* login */;
			targetProxy = B55DE4572B1A343900627077 /* PBXContainerItemProxy */;
		};
		B55DE4622B1A343900627077 /* PBXTargetDependency */ = {
			isa = PBXTargetDependency;
			target = B55DE43F2B1A343700627077 /* login */;
			targetProxy = B55DE4612B1A343900627077 /* PBXContainerItemProxy */;
		};
/* End PBXTargetDependency section */

/* Begin PBXVariantGroup section */
		B55DE4492B1A343700627077 /* Main.storyboard */ = {
			isa = PBXVariantGroup;
			children = (
				B55DE44A2B1A343700627077 /* Base */,
			);
			name = Main.storyboard;
			sourceTree = "<group>";
		};
		B55DE44E2B1A343900627077 /* LaunchScreen.storyboard */ = {
			isa = PBXVariantGroup;
			children = (
				B55DE44F2B1A343900627077 /* Base */,
			);
			name = LaunchScreen.storyboard;
			sourceTree = "<group>";
		};
/* End PBXVariantGroup section */

/* Begin XCBuildConfiguration section */
		B55DE4682B1A343900627077 /* Debug */ = {
			isa = XCBuildConfiguration;
			buildSettings = {
				ALWAYS_SEARCH_USER_PATHS = NO;
				ASSETCATALOG_COMPILER_GENERATE_SWIFT_ASSET_SYMBOL_EXTENSIONS = YES;
				CLANG_ANALYZER_NONNULL = YES;
				CLANG_ANALYZER_NUMBER_OBJECT_CONVERSION = YES_AGGRESSIVE;
				CLANG_CXX_LANGUAGE_STANDARD = "gnu++20";
				CLANG_ENABLE_MODULES = YES;
				CLANG_ENABLE_OBJC_ARC = YES;
				CLANG_ENABLE_OBJC_WEAK = YES;
				CLANG_WARN_BLOCK_CAPTURE_AUTORELEASING = YES;
				CLANG_WARN_BOOL_CONVERSION = YES;
				CLANG_WARN_COMMA = YES;
				CLANG_WARN_CONSTANT_CONVERSION = YES;
				CLANG_WARN_DEPRECATED_OBJC_IMPLEMENTATIONS = YES;
				CLANG_WARN_DIRECT_OBJC_ISA_USAGE = YES_ERROR;
				CLANG_WARN_DOCUMENTATION_COMMENTS = YES;
				CLANG_WARN_EMPTY_BODY = YES;
				CLANG_WARN_ENUM_CONVERSION = YES;
				CLANG_WARN_INFINITE_RECURSION = YES;
				CLANG_WARN_INT_CONVERSION = YES;
				CLANG_WARN_NON_LITERAL_NULL_CONVERSION = YES;
				CLANG_WARN_OBJC_IMPLICIT_RETAIN_SELF = YES;
				CLANG_WARN_OBJC_LITERAL_CONVERSION = YES;
				CLANG_WARN_OBJC_ROOT_CLASS = YES_ERROR;
				CLANG_WARN_QUOTED_INCLUDE_IN_FRAMEWORK_HEADER = YES;
				CLANG_WARN_RANGE_LOOP_ANALYSIS = YES;
				CLANG_WARN_STRICT_PROTOTYPES = YES;
				CLANG_WARN_SUSPICIOUS_MOVE = YES;
				CLANG_WARN_UNGUARDED_AVAILABILITY = YES_AGGRESSIVE;
				CLANG_WARN_UNREACHABLE_CODE = YES;
				CLANG_WARN__DUPLICATE_METHOD_MATCH = YES;
				COPY_PHASE_STRIP = NO;
				DEBUG_INFORMATION_FORMAT = dwarf;
				ENABLE_STRICT_OBJC_MSGSEND = YES;
				ENABLE_TESTABILITY = YES;
				ENABLE_USER_SCRIPT_SANDBOXING = NO;
				GCC_C_LANGUAGE_STANDARD = gnu17;
				GCC_DYNAMIC_NO_PIC = NO;
				GCC_NO_COMMON_BLOCKS = YES;
				GCC_OPTIMIZATION_LEVEL = 0;
				GCC_PREPROCESSOR_DEFINITIONS = (
					"DEBUG=1",
					"$(inherited)",
				);
				GCC_WARN_64_TO_32_BIT_CONVERSION = YES;
				GCC_WARN_ABOUT_RETURN_TYPE = YES_ERROR;
				GCC_WARN_UNDECLARED_SELECTOR = YES;
				GCC_WARN_UNINITIALIZED_AUTOS = YES_AGGRESSIVE;
				GCC_WARN_UNUSED_FUNCTION = YES;
				GCC_WARN_UNUSED_VARIABLE = YES;
				IPHONEOS_DEPLOYMENT_TARGET = 17.0;
				LOCALIZATION_PREFERS_STRING_CATALOGS = YES;
				MTL_ENABLE_DEBUG_INFO = INCLUDE_SOURCE;
				MTL_FAST_MATH = YES;
				ONLY_ACTIVE_ARCH = YES;
				SDKROOT = iphoneos;
				SWIFT_ACTIVE_COMPILATION_CONDITIONS = "DEBUG $(inherited)";
				SWIFT_OPTIMIZATION_LEVEL = "-Onone";
			};
			name = Debug;
		};
		B55DE4692B1A343900627077 /* Release */ = {
			isa = XCBuildConfiguration;
			buildSettings = {
				ALWAYS_SEARCH_USER_PATHS = NO;
				ASSETCATALOG_COMPILER_GENERATE_SWIFT_ASSET_SYMBOL_EXTENSIONS = YES;
				CLANG_ANALYZER_NONNULL = YES;
				CLANG_ANALYZER_NUMBER_OBJECT_CONVERSION = YES_AGGRESSIVE;
				CLANG_CXX_LANGUAGE_STANDARD = "gnu++20";
				CLANG_ENABLE_MODULES = YES;
				CLANG_ENABLE_OBJC_ARC = YES;
				CLANG_ENABLE_OBJC_WEAK = YES;
				CLANG_WARN_BLOCK_CAPTURE_AUTORELEASING = YES;
				CLANG_WARN_BOOL_CONVERSION = YES;
				CLANG_WARN_COMMA = YES;
				CLANG_WARN_CONSTANT_CONVERSION = YES;
				CLANG_WARN_DEPRECATED_OBJC_IMPLEMENTATIONS = YES;
				CLANG_WARN_DIRECT_OBJC_ISA_USAGE = YES_ERROR;
				CLANG_WARN_DOCUMENTATION_COMMENTS = YES;
				CLANG_WARN_EMPTY_BODY = YES;
				CLANG_WARN_ENUM_CONVERSION = YES;
				CLANG_WARN_INFINITE_RECURSION = YES;
				CLANG_WARN_INT_CONVERSION = YES;
				CLANG_WARN_NON_LITERAL_NULL_CONVERSION = YES;
				CLANG_WARN_OBJC_IMPLICIT_RETAIN_SELF = YES;
				CLANG_WARN_OBJC_LITERAL_CONVERSION = YES;
				CLANG_WARN_OBJC_ROOT_CLASS = YES_ERROR;
				CLANG_WARN_QUOTED_INCLUDE_IN_FRAMEWORK_HEADER = YES;
				CLANG_WARN_RANGE_LOOP_ANALYSIS = YES;
				CLANG_WARN_STRICT_PROTOTYPES = YES;
				CLANG_WARN_SUSPICIOUS_MOVE = YES;
				CLANG_WARN_UNGUARDED_AVAILABILITY = YES_AGGRESSIVE;
				CLANG_WARN_UNREACHABLE_CODE = YES;
				CLANG_WARN__DUPLICATE_METHOD_MATCH = YES;
				COPY_PHASE_STRIP = NO;
				DEBUG_INFORMATION_FORMAT = "dwarf-with-dsym";
				ENABLE_NS_ASSERTIONS = NO;
				ENABLE_STRICT_OBJC_MSGSEND = YES;
				ENABLE_USER_SCRIPT_SANDBOXING = NO;
				GCC_C_LANGUAGE_STANDARD = gnu17;
				GCC_NO_COMMON_BLOCKS = YES;
				GCC_WARN_64_TO_32_BIT_CONVERSION = YES;
				GCC_WARN_ABOUT_RETURN_TYPE = YES_ERROR;
				GCC_WARN_UNDECLARED_SELECTOR = YES;
				GCC_WARN_UNINITIALIZED_AUTOS = YES_AGGRESSIVE;
				GCC_WARN_UNUSED_FUNCTION = YES;
				GCC_WARN_UNUSED_VARIABLE = YES;
				IPHONEOS_DEPLOYMENT_TARGET = 17.0;
				LOCALIZATION_PREFERS_STRING_CATALOGS = YES;
				MTL_ENABLE_DEBUG_INFO = NO;
				MTL_FAST_MATH = YES;
				SDKROOT = iphoneos;
				SWIFT_COMPILATION_MODE = wholemodule;
				VALIDATE_PRODUCT = YES;
			};
			name = Release;
		};
		B55DE46B2B1A343900627077 /* Debug */ = {
			isa = XCBuildConfiguration;
			baseConfigurationReference = FE38A5AAC914F031F0B195C1 /* Pods-login.debug.xcconfig */;
			buildSettings = {
				ASSETCATALOG_COMPILER_APPICON_NAME = AppIcon;
				ASSETCATALOG_COMPILER_GLOBAL_ACCENT_COLOR_NAME = AccentColor;
				CODE_SIGN_IDENTITY = "Apple Development";
				CODE_SIGN_STYLE = Automatic;
				CURRENT_PROJECT_VERSION = 1;
				DEVELOPMENT_TEAM = TC5QXF2GNM;
				GENERATE_INFOPLIST_FILE = YES;
				INFOPLIST_FILE = login/Info.plist;
				INFOPLIST_KEY_UIApplicationSupportsIndirectInputEvents = YES;
				INFOPLIST_KEY_UILaunchStoryboardName = LaunchScreen;
				INFOPLIST_KEY_UIMainStoryboardFile = Main;
				INFOPLIST_KEY_UISupportedInterfaceOrientations_iPad = "UIInterfaceOrientationPortrait UIInterfaceOrientationPortraitUpsideDown UIInterfaceOrientationLandscapeLeft UIInterfaceOrientationLandscapeRight";
				INFOPLIST_KEY_UISupportedInterfaceOrientations_iPhone = "UIInterfaceOrientationPortrait UIInterfaceOrientationLandscapeLeft UIInterfaceOrientationLandscapeRight";
				IPHONEOS_DEPLOYMENT_TARGET = 13.0;
				LD_RUNPATH_SEARCH_PATHS = (
					"$(inherited)",
					"@executable_path/Frameworks",
				);
				MARKETING_VERSION = 1.0;
				PRODUCT_BUNDLE_IDENTIFIER = yalda.login;
				PRODUCT_NAME = "$(TARGET_NAME)";
				PROVISIONING_PROFILE_SPECIFIER = "";
				SWIFT_EMIT_LOC_STRINGS = YES;
				SWIFT_VERSION = 5.0;
				TARGETED_DEVICE_FAMILY = "1,2";
			};
			name = Debug;
		};
		B55DE46C2B1A343900627077 /* Release */ = {
			isa = XCBuildConfiguration;
			baseConfigurationReference = A3770653FC1F1E8B0D6D0CE7 /* Pods-login.release.xcconfig */;
			buildSettings = {
				ASSETCATALOG_COMPILER_APPICON_NAME = AppIcon;
				ASSETCATALOG_COMPILER_GLOBAL_ACCENT_COLOR_NAME = AccentColor;
				CODE_SIGN_IDENTITY = "Apple Development";
				CODE_SIGN_STYLE = Automatic;
				CURRENT_PROJECT_VERSION = 1;
				DEVELOPMENT_TEAM = TC5QXF2GNM;
				GENERATE_INFOPLIST_FILE = YES;
				INFOPLIST_FILE = login/Info.plist;
				INFOPLIST_KEY_UIApplicationSupportsIndirectInputEvents = YES;
				INFOPLIST_KEY_UILaunchStoryboardName = LaunchScreen;
				INFOPLIST_KEY_UIMainStoryboardFile = Main;
				INFOPLIST_KEY_UISupportedInterfaceOrientations_iPad = "UIInterfaceOrientationPortrait UIInterfaceOrientationPortraitUpsideDown UIInterfaceOrientationLandscapeLeft UIInterfaceOrientationLandscapeRight";
				INFOPLIST_KEY_UISupportedInterfaceOrientations_iPhone = "UIInterfaceOrientationPortrait UIInterfaceOrientationLandscapeLeft UIInterfaceOrientationLandscapeRight";
				IPHONEOS_DEPLOYMENT_TARGET = 13.0;
				LD_RUNPATH_SEARCH_PATHS = (
					"$(inherited)",
					"@executable_path/Frameworks",
				);
				MARKETING_VERSION = 1.0;
				PRODUCT_BUNDLE_IDENTIFIER = yalda.login;
				PRODUCT_NAME = "$(TARGET_NAME)";
				PROVISIONING_PROFILE_SPECIFIER = "";
				SWIFT_EMIT_LOC_STRINGS = YES;
				SWIFT_VERSION = 5.0;
				TARGETED_DEVICE_FAMILY = "1,2";
			};
			name = Release;
		};
		B55DE46E2B1A343900627077 /* Debug */ = {
			isa = XCBuildConfiguration;
			buildSettings = {
				ALWAYS_EMBED_SWIFT_STANDARD_LIBRARIES = YES;
				BUNDLE_LOADER = "$(TEST_HOST)";
				CODE_SIGN_STYLE = Automatic;
				CURRENT_PROJECT_VERSION = 1;
				GENERATE_INFOPLIST_FILE = YES;
				IPHONEOS_DEPLOYMENT_TARGET = 17.0;
				MARKETING_VERSION = 1.0;
				PRODUCT_BUNDLE_IDENTIFIER = yalda.loginTests;
				PRODUCT_NAME = "$(TARGET_NAME)";
				SWIFT_EMIT_LOC_STRINGS = NO;
				SWIFT_VERSION = 5.0;
				TARGETED_DEVICE_FAMILY = "1,2";
				TEST_HOST = "$(BUILT_PRODUCTS_DIR)/login.app/$(BUNDLE_EXECUTABLE_FOLDER_PATH)/login";
			};
			name = Debug;
		};
		B55DE46F2B1A343900627077 /* Release */ = {
			isa = XCBuildConfiguration;
			buildSettings = {
				ALWAYS_EMBED_SWIFT_STANDARD_LIBRARIES = YES;
				BUNDLE_LOADER = "$(TEST_HOST)";
				CODE_SIGN_STYLE = Automatic;
				CURRENT_PROJECT_VERSION = 1;
				GENERATE_INFOPLIST_FILE = YES;
				IPHONEOS_DEPLOYMENT_TARGET = 17.0;
				MARKETING_VERSION = 1.0;
				PRODUCT_BUNDLE_IDENTIFIER = yalda.loginTests;
				PRODUCT_NAME = "$(TARGET_NAME)";
				SWIFT_EMIT_LOC_STRINGS = NO;
				SWIFT_VERSION = 5.0;
				TARGETED_DEVICE_FAMILY = "1,2";
				TEST_HOST = "$(BUILT_PRODUCTS_DIR)/login.app/$(BUNDLE_EXECUTABLE_FOLDER_PATH)/login";
			};
			name = Release;
		};
		B55DE4712B1A343900627077 /* Debug */ = {
			isa = XCBuildConfiguration;
			buildSettings = {
				ALWAYS_EMBED_SWIFT_STANDARD_LIBRARIES = YES;
				CODE_SIGN_STYLE = Automatic;
				CURRENT_PROJECT_VERSION = 1;
				GENERATE_INFOPLIST_FILE = YES;
				MARKETING_VERSION = 1.0;
				PRODUCT_BUNDLE_IDENTIFIER = yalda.loginUITests;
				PRODUCT_NAME = "$(TARGET_NAME)";
				SWIFT_EMIT_LOC_STRINGS = NO;
				SWIFT_VERSION = 5.0;
				TARGETED_DEVICE_FAMILY = "1,2";
				TEST_TARGET_NAME = login;
			};
			name = Debug;
		};
		B55DE4722B1A343900627077 /* Release */ = {
			isa = XCBuildConfiguration;
			buildSettings = {
				ALWAYS_EMBED_SWIFT_STANDARD_LIBRARIES = YES;
				CODE_SIGN_STYLE = Automatic;
				CURRENT_PROJECT_VERSION = 1;
				GENERATE_INFOPLIST_FILE = YES;
				MARKETING_VERSION = 1.0;
				PRODUCT_BUNDLE_IDENTIFIER = yalda.loginUITests;
				PRODUCT_NAME = "$(TARGET_NAME)";
				SWIFT_EMIT_LOC_STRINGS = NO;
				SWIFT_VERSION = 5.0;
				TARGETED_DEVICE_FAMILY = "1,2";
				TEST_TARGET_NAME = login;
			};
			name = Release;
		};
/* End XCBuildConfiguration section */

/* Begin XCConfigurationList section */
		B55DE43B2B1A343700627077 /* Build configuration list for PBXProject "login" */ = {
			isa = XCConfigurationList;
			buildConfigurations = (
				B55DE4682B1A343900627077 /* Debug */,
				B55DE4692B1A343900627077 /* Release */,
			);
			defaultConfigurationIsVisible = 0;
			defaultConfigurationName = Release;
		};
		B55DE46A2B1A343900627077 /* Build configuration list for PBXNativeTarget "login" */ = {
			isa = XCConfigurationList;
			buildConfigurations = (
				B55DE46B2B1A343900627077 /* Debug */,
				B55DE46C2B1A343900627077 /* Release */,
			);
			defaultConfigurationIsVisible = 0;
			defaultConfigurationName = Release;
		};
		B55DE46D2B1A343900627077 /* Build configuration list for PBXNativeTarget "loginTests" */ = {
			isa = XCConfigurationList;
			buildConfigurations = (
				B55DE46E2B1A343900627077 /* Debug */,
				B55DE46F2B1A343900627077 /* Release */,
			);
			defaultConfigurationIsVisible = 0;
			defaultConfigurationName = Release;
		};
		B55DE4702B1A343900627077 /* Build configuration list for PBXNativeTarget "loginUITests" */ = {
			isa = XCConfigurationList;
			buildConfigurations = (
				B55DE4712B1A343900627077 /* Debug */,
				B55DE4722B1A343900627077 /* Release */,
			);
			defaultConfigurationIsVisible = 0;
			defaultConfigurationName = Release;
		};
/* End XCConfigurationList section */
	};
	rootObject = B55DE4382B1A343700627077 /* Project object */;
}
